
Microsoft Visual Studio Solution File, Format Version 12.00
# Visual Studio 15
VisualStudioVersion = 15.0.27004.2009
MinimumVisualStudioVersion = 10.0.40219.1
Project("{FAE04EC0-301F-11D3-BF4B-00C04F79EFBC}") = "LmsApp.Server", "LmsApp.Server\LmsApp.Server.csproj", "{EF1904B4-108C-4F26-9A01-CFD284635D4C}"
EndProject
Project("{2150E333-8FDC-42A3-9474-1A3956D46DE8}") = "01 Server", "01 Server", "{ACE32BE3-D4C7-47FC-8C13-92A58B2DA311}"
EndProject
Project("{2150E333-8FDC-42A3-9474-1A3956D46DE8}") = "02 Service", "02 Service", "{79DE0299-0294-4869-A042-2413333AF5FF}"
EndProject
Project("{2150E333-8FDC-42A3-9474-1A3956D46DE8}") = "03 Repository", "03 Repository", "{D333A99C-EE04-4BC2-BCF9-02DB5AC2FAB9}"
EndProject
Project("{2150E333-8FDC-42A3-9474-1A3956D46DE8}") = "04 Model", "04 Model", "{B445CF5F-327C-4527-BB0C-AB3825790B08}"
EndProject
Project("{2150E333-8FDC-42A3-9474-1A3956D46DE8}") = "05 Common", "05 Common", "{1CF8AD3D-96C8-4D22-8D41-515D1DEB2C60}"
EndProject
Project("{2150E333-8FDC-42A3-9474-1A3956D46DE8}") = "06 Utility", "06 Utility", "{B7AC5D89-4279-49B8-80C9-4E1DEEB3CE0D}"
EndProject
Project("{FAE04EC0-301F-11D3-BF4B-00C04F79EFBC}") = "Service", "Service\Service.csproj", "{0574458D-1333-4ECE-A175-8BE1A0298687}"
EndProject
Project("{FAE04EC0-301F-11D3-BF4B-00C04F79EFBC}") = "Repository", "Repository\Repository.csproj", "{35A6D6D6-FEB3-4D01-A006-FB399E4E154A}"
EndProject
Project("{FAE04EC0-301F-11D3-BF4B-00C04F79EFBC}") = "Model", "Model\Model.csproj", "{EE72C9CD-2357-47B1-9226-154EBAC6061D}"
EndProject
Project("{FAE04EC0-301F-11D3-BF4B-00C04F79EFBC}") = "Common", "Common\Common.csproj", "{03377FBC-55DD-4116-882F-BC6197A52972}"
EndProject
Project("{FAE04EC0-301F-11D3-BF4B-00C04F79EFBC}") = "Utility", "Utility\Utility.csproj", "{CAC1A1D5-AC96-40F7-AC78-80E64A287668}"
EndProject
Project("{FAE04EC0-301F-11D3-BF4B-00C04F79EFBC}") = "RequestModel", "RequestModel\RequestModel.csproj", "{D949133B-6C59-4DD2-9E62-B4360B4DA4FB}"
EndProject
Project("{FAE04EC0-301F-11D3-BF4B-00C04F79EFBC}") = "ViewModel", "ViewModel\ViewModel.csproj", "{88B062A3-D62D-4E04-905F-1FDE93691A8A}"
EndProject
Global
	GlobalSection(SolutionConfigurationPlatforms) = preSolution
		Debug|Any CPU = Debug|Any CPU
		Release|Any CPU = Release|Any CPU
	EndGlobalSection
	GlobalSection(ProjectConfigurationPlatforms) = postSolution
		{EF1904B4-108C-4F26-9A01-CFD284635D4C}.Debug|Any CPU.ActiveCfg = Debug|Any CPU
		{EF1904B4-108C-4F26-9A01-CFD284635D4C}.Debug|Any CPU.Build.0 = Debug|Any CPU
		{EF1904B4-108C-4F26-9A01-CFD284635D4C}.Release|Any CPU.ActiveCfg = Release|Any CPU
		{EF1904B4-108C-4F26-9A01-CFD284635D4C}.Release|Any CPU.Build.0 = Release|Any CPU
		{0574458D-1333-4ECE-A175-8BE1A0298687}.Debug|Any CPU.ActiveCfg = Debug|Any CPU
		{0574458D-1333-4ECE-A175-8BE1A0298687}.Debug|Any CPU.Build.0 = Debug|Any CPU
		{0574458D-1333-4ECE-A175-8BE1A0298687}.Release|Any CPU.ActiveCfg = Release|Any CPU
		{0574458D-1333-4ECE-A175-8BE1A0298687}.Release|Any CPU.Build.0 = Release|Any CPU
		{35A6D6D6-FEB3-4D01-A006-FB399E4E154A}.Debug|Any CPU.ActiveCfg = Debug|Any CPU
		{35A6D6D6-FEB3-4D01-A006-FB399E4E154A}.Debug|Any CPU.Build.0 = Debug|Any CPU
		{35A6D6D6-FEB3-4D01-A006-FB399E4E154A}.Release|Any CPU.ActiveCfg = Release|Any CPU
		{35A6D6D6-FEB3-4D01-A006-FB399E4E154A}.Release|Any CPU.Build.0 = Release|Any CPU
		{EE72C9CD-2357-47B1-9226-154EBAC6061D}.Debug|Any CPU.ActiveCfg = Debug|Any CPU
		{EE72C9CD-2357-47B1-9226-154EBAC6061D}.Debug|Any CPU.Build.0 = Debug|Any CPU
		{EE72C9CD-2357-47B1-9226-154EBAC6061D}.Release|Any CPU.ActiveCfg = Release|Any CPU
		{EE72C9CD-2357-47B1-9226-154EBAC6061D}.Release|Any CPU.Build.0 = Release|Any CPU
		{03377FBC-55DD-4116-882F-BC6197A52972}.Debug|Any CPU.ActiveCfg = Debug|Any CPU
		{03377FBC-55DD-4116-882F-BC6197A52972}.Debug|Any CPU.Build.0 = Debug|Any CPU
		{03377FBC-55DD-4116-882F-BC6197A52972}.Release|Any CPU.ActiveCfg = Release|Any CPU
		{03377FBC-55DD-4116-882F-BC6197A52972}.Release|Any CPU.Build.0 = Release|Any CPU
		{CAC1A1D5-AC96-40F7-AC78-80E64A287668}.Debug|Any CPU.ActiveCfg = Debug|Any CPU
		{CAC1A1D5-AC96-40F7-AC78-80E64A287668}.Debug|Any CPU.Build.0 = Debug|Any CPU
		{CAC1A1D5-AC96-40F7-AC78-80E64A287668}.Release|Any CPU.ActiveCfg = Release|Any CPU
		{CAC1A1D5-AC96-40F7-AC78-80E64A287668}.Release|Any CPU.Build.0 = Release|Any CPU
		{D949133B-6C59-4DD2-9E62-B4360B4DA4FB}.Debug|Any CPU.ActiveCfg = Debug|Any CPU
		{D949133B-6C59-4DD2-9E62-B4360B4DA4FB}.Debug|Any CPU.Build.0 = Debug|Any CPU
		{D949133B-6C59-4DD2-9E62-B4360B4DA4FB}.Release|Any CPU.ActiveCfg = Release|Any CPU
		{D949133B-6C59-4DD2-9E62-B4360B4DA4FB}.Release|Any CPU.Build.0 = Release|Any CPU
		{88B062A3-D62D-4E04-905F-1FDE93691A8A}.Debug|Any CPU.ActiveCfg = Debug|Any CPU
		{88B062A3-D62D-4E04-905F-1FDE93691A8A}.Debug|Any CPU.Build.0 = Debug|Any CPU
		{88B062A3-D62D-4E04-905F-1FDE93691A8A}.Release|Any CPU.ActiveCfg = Release|Any CPU
		{88B062A3-D62D-4E04-905F-1FDE93691A8A}.Release|Any CPU.Build.0 = Release|Any CPU
	EndGlobalSection
	GlobalSection(SolutionProperties) = preSolution
		HideSolutionNode = FALSE
	EndGlobalSection
	GlobalSection(NestedProjects) = preSolution
		{EF1904B4-108C-4F26-9A01-CFD284635D4C} = {ACE32BE3-D4C7-47FC-8C13-92A58B2DA311}
		{0574458D-1333-4ECE-A175-8BE1A0298687} = {79DE0299-0294-4869-A042-2413333AF5FF}
		{35A6D6D6-FEB3-4D01-A006-FB399E4E154A} = {D333A99C-EE04-4BC2-BCF9-02DB5AC2FAB9}
		{EE72C9CD-2357-47B1-9226-154EBAC6061D} = {B445CF5F-327C-4527-BB0C-AB3825790B08}
		{03377FBC-55DD-4116-882F-BC6197A52972} = {1CF8AD3D-96C8-4D22-8D41-515D1DEB2C60}
		{CAC1A1D5-AC96-40F7-AC78-80E64A287668} = {B7AC5D89-4279-49B8-80C9-4E1DEEB3CE0D}
		{D949133B-6C59-4DD2-9E62-B4360B4DA4FB} = {B445CF5F-327C-4527-BB0C-AB3825790B08}
		{88B062A3-D62D-4E04-905F-1FDE93691A8A} = {B445CF5F-327C-4527-BB0C-AB3825790B08}
	EndGlobalSection
	GlobalSection(ExtensibilityGlobals) = postSolution
		SolutionGuid = {62BEC2C8-9B00-4831-8F57-04A639BDC91A}
	EndGlobalSection
EndGlobal
